// !$*UTF8*$!
{
	archiveVersion = 1;
	classes = {
	};
	objectVersion = 55;
	objects = {

/* Begin PBXBuildFile section */
		3FD4B5B9660768AFF8CA2D3D /* Pods_MessengerTests.framework in Frameworks */ = {isa = PBXBuildFile; fileRef = AD2A77AF39E5AACADCC3819E /* Pods_MessengerTests.framework */; };
		8A0F97AA28BBBB1100F57201 /* AppDelegate.swift in Sources */ = {isa = PBXBuildFile; fileRef = 8A0F97A928BBBB1100F57201 /* AppDelegate.swift */; };
		8A0F97AC28BBBB1100F57201 /* SceneDelegate.swift in Sources */ = {isa = PBXBuildFile; fileRef = 8A0F97AB28BBBB1100F57201 /* SceneDelegate.swift */; };
		8A0F97AE28BBBB1100F57201 /* ConversationsViewController.swift in Sources */ = {isa = PBXBuildFile; fileRef = 8A0F97AD28BBBB1100F57201 /* ConversationsViewController.swift */; };
		8A0F97B128BBBB1100F57201 /* Main.storyboard in Resources */ = {isa = PBXBuildFile; fileRef = 8A0F97AF28BBBB1100F57201 /* Main.storyboard */; };
		8A0F97B428BBBB1100F57201 /* Messenger.xcdatamodeld in Sources */ = {isa = PBXBuildFile; fileRef = 8A0F97B228BBBB1100F57201 /* Messenger.xcdatamodeld */; };
		8A0F97B628BBBB1300F57201 /* Assets.xcassets in Resources */ = {isa = PBXBuildFile; fileRef = 8A0F97B528BBBB1300F57201 /* Assets.xcassets */; };
		8A0F97B928BBBB1300F57201 /* LaunchScreen.storyboard in Resources */ = {isa = PBXBuildFile; fileRef = 8A0F97B728BBBB1300F57201 /* LaunchScreen.storyboard */; };
		8A0F97C428BBBB1300F57201 /* MessengerTests.swift in Sources */ = {isa = PBXBuildFile; fileRef = 8A0F97C328BBBB1300F57201 /* MessengerTests.swift */; };
		8A0F97CE28BBBB1300F57201 /* MessengerUITests.swift in Sources */ = {isa = PBXBuildFile; fileRef = 8A0F97CD28BBBB1300F57201 /* MessengerUITests.swift */; };
		8A0F97D028BBBB1300F57201 /* MessengerUITestsLaunchTests.swift in Sources */ = {isa = PBXBuildFile; fileRef = 8A0F97CF28BBBB1300F57201 /* MessengerUITestsLaunchTests.swift */; };
		8A0F97E328BBBF2000F57201 /* LoginViewController.swift in Sources */ = {isa = PBXBuildFile; fileRef = 8A0F97E228BBBF2000F57201 /* LoginViewController.swift */; };
		8A0F97E528BBBF8800F57201 /* RegisterViewController.swift in Sources */ = {isa = PBXBuildFile; fileRef = 8A0F97E428BBBF8800F57201 /* RegisterViewController.swift */; };
		8A0F97E728BBC12800F57201 /* PhotoViewerViewController.swift in Sources */ = {isa = PBXBuildFile; fileRef = 8A0F97E628BBC12800F57201 /* PhotoViewerViewController.swift */; };
		8A0F97E928BBC15600F57201 /* VideoPlayerViewController.swift in Sources */ = {isa = PBXBuildFile; fileRef = 8A0F97E828BBC15600F57201 /* VideoPlayerViewController.swift */; };
		8A0F97EB28BBC3C200F57201 /* NewConversationsViewController.swift in Sources */ = {isa = PBXBuildFile; fileRef = 8A0F97EA28BBC3C200F57201 /* NewConversationsViewController.swift */; };
		8A0F97ED28BBC3D400F57201 /* ProfileViewController.swift in Sources */ = {isa = PBXBuildFile; fileRef = 8A0F97EC28BBC3D400F57201 /* ProfileViewController.swift */; };
		8A6E083728C37B7700A0BB31 /* Keys.swift in Sources */ = {isa = PBXBuildFile; fileRef = 8A6E083628C37B7700A0BB31 /* Keys.swift */; };
		8A6E083928C3A77300A0BB31 /* Extension.swift in Sources */ = {isa = PBXBuildFile; fileRef = 8A6E083828C3A77300A0BB31 /* Extension.swift */; };
		8AA97B55296627B8000D13F4 /* DataBaseManager.swift in Sources */ = {isa = PBXBuildFile; fileRef = 8AA97B54296627B8000D13F4 /* DataBaseManager.swift */; };
		8C4883A881E51762EFF7E736 /* Pods_Messenger.framework in Frameworks */ = {isa = PBXBuildFile; fileRef = 763540EAAFAE12D6EA634C2D /* Pods_Messenger.framework */; };
		C827F497FEAC7929DFD981C8 /* Pods_Messenger_MessengerUITests.framework in Frameworks */ = {isa = PBXBuildFile; fileRef = E427D58EC65D16A5B8E9EB97 /* Pods_Messenger_MessengerUITests.framework */; };
/* End PBXBuildFile section */

/* Begin PBXContainerItemProxy section */
		8A0F97C028BBBB1300F57201 /* PBXContainerItemProxy */ = {
			isa = PBXContainerItemProxy;
			containerPortal = 8A0F979E28BBBB1100F57201 /* Project object */;
			proxyType = 1;
			remoteGlobalIDString = 8A0F97A528BBBB1100F57201;
			remoteInfo = Messenger;
		};
		8A0F97CA28BBBB1300F57201 /* PBXContainerItemProxy */ = {
			isa = PBXContainerItemProxy;
			containerPortal = 8A0F979E28BBBB1100F57201 /* Project object */;
			proxyType = 1;
			remoteGlobalIDString = 8A0F97A528BBBB1100F57201;
			remoteInfo = Messenger;
		};
/* End PBXContainerItemProxy section */

/* Begin PBXFileReference section */
		37E51D6B6447C9345A758207 /* Pods-Messenger.debug.xcconfig */ = {isa = PBXFileReference; includeInIndex = 1; lastKnownFileType = text.xcconfig; name = "Pods-Messenger.debug.xcconfig"; path = "Target Support Files/Pods-Messenger/Pods-Messenger.debug.xcconfig"; sourceTree = "<group>"; };
		421B071965CB8AC2F8D0EB5A /* Pods-Messenger.release.xcconfig */ = {isa = PBXFileReference; includeInIndex = 1; lastKnownFileType = text.xcconfig; name = "Pods-Messenger.release.xcconfig"; path = "Target Support Files/Pods-Messenger/Pods-Messenger.release.xcconfig"; sourceTree = "<group>"; };
		763540EAAFAE12D6EA634C2D /* Pods_Messenger.framework */ = {isa = PBXFileReference; explicitFileType = wrapper.framework; includeInIndex = 0; path = Pods_Messenger.framework; sourceTree = BUILT_PRODUCTS_DIR; };
		79A1143B9B3E3DA8AE740709 /* Pods-MessengerTests.release.xcconfig */ = {isa = PBXFileReference; includeInIndex = 1; lastKnownFileType = text.xcconfig; name = "Pods-MessengerTests.release.xcconfig"; path = "Target Support Files/Pods-MessengerTests/Pods-MessengerTests.release.xcconfig"; sourceTree = "<group>"; };
		8891D9FB243D784832D7D2B3 /* Pods-Messenger-MessengerUITests.debug.xcconfig */ = {isa = PBXFileReference; includeInIndex = 1; lastKnownFileType = text.xcconfig; name = "Pods-Messenger-MessengerUITests.debug.xcconfig"; path = "Target Support Files/Pods-Messenger-MessengerUITests/Pods-Messenger-MessengerUITests.debug.xcconfig"; sourceTree = "<group>"; };
		8A0F97A628BBBB1100F57201 /* Messenger.app */ = {isa = PBXFileReference; explicitFileType = wrapper.application; includeInIndex = 0; path = Messenger.app; sourceTree = BUILT_PRODUCTS_DIR; };
		8A0F97A928BBBB1100F57201 /* AppDelegate.swift */ = {isa = PBXFileReference; lastKnownFileType = sourcecode.swift; path = AppDelegate.swift; sourceTree = "<group>"; };
		8A0F97AB28BBBB1100F57201 /* SceneDelegate.swift */ = {isa = PBXFileReference; lastKnownFileType = sourcecode.swift; path = SceneDelegate.swift; sourceTree = "<group>"; };
		8A0F97AD28BBBB1100F57201 /* ConversationsViewController.swift */ = {isa = PBXFileReference; lastKnownFileType = sourcecode.swift; path = ConversationsViewController.swift; sourceTree = "<group>"; };
		8A0F97B028BBBB1100F57201 /* Base */ = {isa = PBXFileReference; lastKnownFileType = file.storyboard; name = Base; path = Base.lproj/Main.storyboard; sourceTree = "<group>"; };
		8A0F97B328BBBB1100F57201 /* Messenger.xcdatamodel */ = {isa = PBXFileReference; lastKnownFileType = wrapper.xcdatamodel; path = Messenger.xcdatamodel; sourceTree = "<group>"; };
		8A0F97B528BBBB1300F57201 /* Assets.xcassets */ = {isa = PBXFileReference; lastKnownFileType = folder.assetcatalog; path = Assets.xcassets; sourceTree = "<group>"; };
		8A0F97B828BBBB1300F57201 /* Base */ = {isa = PBXFileReference; lastKnownFileType = file.storyboard; name = Base; path = Base.lproj/LaunchScreen.storyboard; sourceTree = "<group>"; };
		8A0F97BA28BBBB1300F57201 /* Info.plist */ = {isa = PBXFileReference; lastKnownFileType = text.plist.xml; path = Info.plist; sourceTree = "<group>"; };
		8A0F97BF28BBBB1300F57201 /* MessengerTests.xctest */ = {isa = PBXFileReference; explicitFileType = wrapper.cfbundle; includeInIndex = 0; path = MessengerTests.xctest; sourceTree = BUILT_PRODUCTS_DIR; };
		8A0F97C328BBBB1300F57201 /* MessengerTests.swift */ = {isa = PBXFileReference; lastKnownFileType = sourcecode.swift; path = MessengerTests.swift; sourceTree = "<group>"; };
		8A0F97C928BBBB1300F57201 /* MessengerUITests.xctest */ = {isa = PBXFileReference; explicitFileType = wrapper.cfbundle; includeInIndex = 0; path = MessengerUITests.xctest; sourceTree = BUILT_PRODUCTS_DIR; };
		8A0F97CD28BBBB1300F57201 /* MessengerUITests.swift */ = {isa = PBXFileReference; lastKnownFileType = sourcecode.swift; path = MessengerUITests.swift; sourceTree = "<group>"; };
		8A0F97CF28BBBB1300F57201 /* MessengerUITestsLaunchTests.swift */ = {isa = PBXFileReference; lastKnownFileType = sourcecode.swift; path = MessengerUITestsLaunchTests.swift; sourceTree = "<group>"; };
		8A0F97E228BBBF2000F57201 /* LoginViewController.swift */ = {isa = PBXFileReference; lastKnownFileType = sourcecode.swift; path = LoginViewController.swift; sourceTree = "<group>"; };
		8A0F97E428BBBF8800F57201 /* RegisterViewController.swift */ = {isa = PBXFileReference; lastKnownFileType = sourcecode.swift; path = RegisterViewController.swift; sourceTree = "<group>"; };
		8A0F97E628BBC12800F57201 /* PhotoViewerViewController.swift */ = {isa = PBXFileReference; lastKnownFileType = sourcecode.swift; path = PhotoViewerViewController.swift; sourceTree = "<group>"; };
		8A0F97E828BBC15600F57201 /* VideoPlayerViewController.swift */ = {isa = PBXFileReference; lastKnownFileType = sourcecode.swift; path = VideoPlayerViewController.swift; sourceTree = "<group>"; };
		8A0F97EA28BBC3C200F57201 /* NewConversationsViewController.swift */ = {isa = PBXFileReference; lastKnownFileType = sourcecode.swift; path = NewConversationsViewController.swift; sourceTree = "<group>"; };
		8A0F97EC28BBC3D400F57201 /* ProfileViewController.swift */ = {isa = PBXFileReference; lastKnownFileType = sourcecode.swift; path = ProfileViewController.swift; sourceTree = "<group>"; };
		8A6E083628C37B7700A0BB31 /* Keys.swift */ = {isa = PBXFileReference; lastKnownFileType = sourcecode.swift; path = Keys.swift; sourceTree = "<group>"; };
		8A6E083828C3A77300A0BB31 /* Extension.swift */ = {isa = PBXFileReference; lastKnownFileType = sourcecode.swift; path = Extension.swift; sourceTree = "<group>"; };
		8AA97B54296627B8000D13F4 /* DataBaseManager.swift */ = {isa = PBXFileReference; fileEncoding = 4; lastKnownFileType = sourcecode.swift; path = DataBaseManager.swift; sourceTree = "<group>"; };
		AD2A77AF39E5AACADCC3819E /* Pods_MessengerTests.framework */ = {isa = PBXFileReference; explicitFileType = wrapper.framework; includeInIndex = 0; path = Pods_MessengerTests.framework; sourceTree = BUILT_PRODUCTS_DIR; };
		E427D58EC65D16A5B8E9EB97 /* Pods_Messenger_MessengerUITests.framework */ = {isa = PBXFileReference; explicitFileType = wrapper.framework; includeInIndex = 0; path = Pods_Messenger_MessengerUITests.framework; sourceTree = BUILT_PRODUCTS_DIR; };
		F9C269368CD70F3AC0DF11C0 /* Pods-MessengerTests.debug.xcconfig */ = {isa = PBXFileReference; includeInIndex = 1; lastKnownFileType = text.xcconfig; name = "Pods-MessengerTests.debug.xcconfig"; path = "Target Support Files/Pods-MessengerTests/Pods-MessengerTests.debug.xcconfig"; sourceTree = "<group>"; };
		FFFF7D6C56A411310FD2E900 /* Pods-Messenger-MessengerUITests.release.xcconfig */ = {isa = PBXFileReference; includeInIndex = 1; lastKnownFileType = text.xcconfig; name = "Pods-Messenger-MessengerUITests.release.xcconfig"; path = "Target Support Files/Pods-Messenger-MessengerUITests/Pods-Messenger-MessengerUITests.release.xcconfig"; sourceTree = "<group>"; };
/* End PBXFileReference section */

/* Begin PBXFrameworksBuildPhase section */
		8A0F97A328BBBB1100F57201 /* Frameworks */ = {
			isa = PBXFrameworksBuildPhase;
			buildActionMask = 2147483647;
			files = (
				8C4883A881E51762EFF7E736 /* Pods_Messenger.framework in Frameworks */,
			);
			runOnlyForDeploymentPostprocessing = 0;
		};
		8A0F97BC28BBBB1300F57201 /* Frameworks */ = {
			isa = PBXFrameworksBuildPhase;
			buildActionMask = 2147483647;
			files = (
				3FD4B5B9660768AFF8CA2D3D /* Pods_MessengerTests.framework in Frameworks */,
			);
			runOnlyForDeploymentPostprocessing = 0;
		};
		8A0F97C628BBBB1300F57201 /* Frameworks */ = {
			isa = PBXFrameworksBuildPhase;
			buildActionMask = 2147483647;
			files = (
				C827F497FEAC7929DFD981C8 /* Pods_Messenger_MessengerUITests.framework in Frameworks */,
			);
			runOnlyForDeploymentPostprocessing = 0;
		};
/* End PBXFrameworksBuildPhase section */

/* Begin PBXGroup section */
		895E2899B610ABFDCEF278D5 /* Pods */ = {
			isa = PBXGroup;
			children = (
				37E51D6B6447C9345A758207 /* Pods-Messenger.debug.xcconfig */,
				421B071965CB8AC2F8D0EB5A /* Pods-Messenger.release.xcconfig */,
				8891D9FB243D784832D7D2B3 /* Pods-Messenger-MessengerUITests.debug.xcconfig */,
				FFFF7D6C56A411310FD2E900 /* Pods-Messenger-MessengerUITests.release.xcconfig */,
				F9C269368CD70F3AC0DF11C0 /* Pods-MessengerTests.debug.xcconfig */,
				79A1143B9B3E3DA8AE740709 /* Pods-MessengerTests.release.xcconfig */,
			);
			path = Pods;
			sourceTree = "<group>";
		};
		8A0F979D28BBBB1100F57201 = {
			isa = PBXGroup;
			children = (
				8A0F97A828BBBB1100F57201 /* Messenger */,
				8A0F97C228BBBB1300F57201 /* MessengerTests */,
				8A0F97CC28BBBB1300F57201 /* MessengerUITests */,
				8A0F97A728BBBB1100F57201 /* Products */,
				895E2899B610ABFDCEF278D5 /* Pods */,
				C14B63B6D85F4CC84E26EAA7 /* Frameworks */,
			);
			sourceTree = "<group>";
		};
		8A0F97A728BBBB1100F57201 /* Products */ = {
			isa = PBXGroup;
			children = (
				8A0F97A628BBBB1100F57201 /* Messenger.app */,
				8A0F97BF28BBBB1300F57201 /* MessengerTests.xctest */,
				8A0F97C928BBBB1300F57201 /* MessengerUITests.xctest */,
			);
			name = Products;
			sourceTree = "<group>";
		};
		8A0F97A828BBBB1100F57201 /* Messenger */ = {
			isa = PBXGroup;
			children = (
				8A0F97E028BBBC7900F57201 /* Resources */,
				8A0F97DF28BBBC6A00F57201 /* ViewModels */,
				8A0F97DE28BBBC6200F57201 /* Models */,
				8A0F97DD28BBBC5900F57201 /* Views */,
				8A0F97DC28BBBC4E00F57201 /* Controllers */,
				8A0F97BA28BBBB1300F57201 /* Info.plist */,
				8A0F97B228BBBB1100F57201 /* Messenger.xcdatamodeld */,
			);
			path = Messenger;
			sourceTree = "<group>";
		};
		8A0F97C228BBBB1300F57201 /* MessengerTests */ = {
			isa = PBXGroup;
			children = (
				8A0F97C328BBBB1300F57201 /* MessengerTests.swift */,
			);
			path = MessengerTests;
			sourceTree = "<group>";
		};
		8A0F97CC28BBBB1300F57201 /* MessengerUITests */ = {
			isa = PBXGroup;
			children = (
				8A0F97CD28BBBB1300F57201 /* MessengerUITests.swift */,
				8A0F97CF28BBBB1300F57201 /* MessengerUITestsLaunchTests.swift */,
			);
			path = MessengerUITests;
			sourceTree = "<group>";
		};
		8A0F97DC28BBBC4E00F57201 /* Controllers */ = {
			isa = PBXGroup;
			children = (
				8A0F97AD28BBBB1100F57201 /* ConversationsViewController.swift */,
				8A0F97EE28BBC57300F57201 /* Login&Register */,
				8A0F97E628BBC12800F57201 /* PhotoViewerViewController.swift */,
				8A0F97E828BBC15600F57201 /* VideoPlayerViewController.swift */,
				8A0F97EA28BBC3C200F57201 /* NewConversationsViewController.swift */,
				8A0F97EC28BBC3D400F57201 /* ProfileViewController.swift */,
			);
			path = Controllers;
			sourceTree = "<group>";
		};
		8A0F97DD28BBBC5900F57201 /* Views */ = {
			isa = PBXGroup;
			children = (
				8A0F97E128BBBCBF00F57201 /* StoryBoards */,
				8A0F97B528BBBB1300F57201 /* Assets.xcassets */,
			);
			path = Views;
			sourceTree = "<group>";
		};
		8A0F97DE28BBBC6200F57201 /* Models */ = {
			isa = PBXGroup;
			children = (
			);
			path = Models;
			sourceTree = "<group>";
		};
		8A0F97DF28BBBC6A00F57201 /* ViewModels */ = {
			isa = PBXGroup;
			children = (
			);
			path = ViewModels;
			sourceTree = "<group>";
		};
		8A0F97E028BBBC7900F57201 /* Resources */ = {
			isa = PBXGroup;
			children = (
				8A0F97A928BBBB1100F57201 /* AppDelegate.swift */,
				8A0F97AB28BBBB1100F57201 /* SceneDelegate.swift */,
				8A6E083628C37B7700A0BB31 /* Keys.swift */,
				8A6E083828C3A77300A0BB31 /* Extension.swift */,
				8AA97B54296627B8000D13F4 /* DataBaseManager.swift */,
			);
			path = Resources;
			sourceTree = "<group>";
		};
		8A0F97E128BBBCBF00F57201 /* StoryBoards */ = {
			isa = PBXGroup;
			children = (
				8A0F97AF28BBBB1100F57201 /* Main.storyboard */,
				8A0F97B728BBBB1300F57201 /* LaunchScreen.storyboard */,
			);
			path = StoryBoards;
			sourceTree = "<group>";
		};
		8A0F97EE28BBC57300F57201 /* Login&Register */ = {
			isa = PBXGroup;
			children = (
				8A0F97E228BBBF2000F57201 /* LoginViewController.swift */,
				8A0F97E428BBBF8800F57201 /* RegisterViewController.swift */,
			);
			path = "Login&Register";
			sourceTree = "<group>";
		};
		C14B63B6D85F4CC84E26EAA7 /* Frameworks */ = {
			isa = PBXGroup;
			children = (
				763540EAAFAE12D6EA634C2D /* Pods_Messenger.framework */,
				E427D58EC65D16A5B8E9EB97 /* Pods_Messenger_MessengerUITests.framework */,
				AD2A77AF39E5AACADCC3819E /* Pods_MessengerTests.framework */,
			);
			name = Frameworks;
			sourceTree = "<group>";
		};
/* End PBXGroup section */

/* Begin PBXNativeTarget section */
		8A0F97A528BBBB1100F57201 /* Messenger */ = {
			isa = PBXNativeTarget;
			buildConfigurationList = 8A0F97D328BBBB1300F57201 /* Build configuration list for PBXNativeTarget "Messenger" */;
			buildPhases = (
				12025DBCBFA0A40DF2785198 /* [CP] Check Pods Manifest.lock */,
				8A0F97A228BBBB1100F57201 /* Sources */,
				8A0F97A328BBBB1100F57201 /* Frameworks */,
				8A0F97A428BBBB1100F57201 /* Resources */,
				654958DD610E04A380ABE08D /* [CP] Embed Pods Frameworks */,
			);
			buildRules = (
			);
			dependencies = (
			);
			name = Messenger;
			productName = Messenger;
			productReference = 8A0F97A628BBBB1100F57201 /* Messenger.app */;
			productType = "com.apple.product-type.application";
		};
		8A0F97BE28BBBB1300F57201 /* MessengerTests */ = {
			isa = PBXNativeTarget;
			buildConfigurationList = 8A0F97D628BBBB1300F57201 /* Build configuration list for PBXNativeTarget "MessengerTests" */;
			buildPhases = (
				1A87DB078059538B1BF164BE /* [CP] Check Pods Manifest.lock */,
				8A0F97BB28BBBB1300F57201 /* Sources */,
				8A0F97BC28BBBB1300F57201 /* Frameworks */,
				8A0F97BD28BBBB1300F57201 /* Resources */,
			);
			buildRules = (
			);
			dependencies = (
				8A0F97C128BBBB1300F57201 /* PBXTargetDependency */,
			);
			name = MessengerTests;
			productName = MessengerTests;
			productReference = 8A0F97BF28BBBB1300F57201 /* MessengerTests.xctest */;
			productType = "com.apple.product-type.bundle.unit-test";
		};
		8A0F97C828BBBB1300F57201 /* MessengerUITests */ = {
			isa = PBXNativeTarget;
			buildConfigurationList = 8A0F97D928BBBB1300F57201 /* Build configuration list for PBXNativeTarget "MessengerUITests" */;
			buildPhases = (
				C54CDE887C2542C5AB0EE629 /* [CP] Check Pods Manifest.lock */,
				8A0F97C528BBBB1300F57201 /* Sources */,
				8A0F97C628BBBB1300F57201 /* Frameworks */,
				8A0F97C728BBBB1300F57201 /* Resources */,
				283792DDBE4C9F1E8DEB4702 /* [CP] Embed Pods Frameworks */,
			);
			buildRules = (
			);
			dependencies = (
				8A0F97CB28BBBB1300F57201 /* PBXTargetDependency */,
			);
			name = MessengerUITests;
			productName = MessengerUITests;
			productReference = 8A0F97C928BBBB1300F57201 /* MessengerUITests.xctest */;
			productType = "com.apple.product-type.bundle.ui-testing";
		};
/* End PBXNativeTarget section */

/* Begin PBXProject section */
		8A0F979E28BBBB1100F57201 /* Project object */ = {
			isa = PBXProject;
			attributes = {
				BuildIndependentTargetsInParallel = 1;
				LastSwiftUpdateCheck = 1340;
				LastUpgradeCheck = 1340;
				TargetAttributes = {
					8A0F97A528BBBB1100F57201 = {
						CreatedOnToolsVersion = 13.4.1;
					};
					8A0F97BE28BBBB1300F57201 = {
						CreatedOnToolsVersion = 13.4.1;
						TestTargetID = 8A0F97A528BBBB1100F57201;
					};
					8A0F97C828BBBB1300F57201 = {
						CreatedOnToolsVersion = 13.4.1;
						TestTargetID = 8A0F97A528BBBB1100F57201;
					};
				};
			};
			buildConfigurationList = 8A0F97A128BBBB1100F57201 /* Build configuration list for PBXProject "Messenger" */;
			compatibilityVersion = "Xcode 13.0";
			developmentRegion = en;
			hasScannedForEncodings = 0;
			knownRegions = (
				en,
				Base,
			);
			mainGroup = 8A0F979D28BBBB1100F57201;
			productRefGroup = 8A0F97A728BBBB1100F57201 /* Products */;
			projectDirPath = "";
			projectRoot = "";
			targets = (
				8A0F97A528BBBB1100F57201 /* Messenger */,
				8A0F97BE28BBBB1300F57201 /* MessengerTests */,
				8A0F97C828BBBB1300F57201 /* MessengerUITests */,
			);
		};
/* End PBXProject section */

/* Begin PBXResourcesBuildPhase section */
		8A0F97A428BBBB1100F57201 /* Resources */ = {
			isa = PBXResourcesBuildPhase;
			buildActionMask = 2147483647;
			files = (
				8A0F97B928BBBB1300F57201 /* LaunchScreen.storyboard in Resources */,
				8A0F97B628BBBB1300F57201 /* Assets.xcassets in Resources */,
				8A0F97B128BBBB1100F57201 /* Main.storyboard in Resources */,
			);
			runOnlyForDeploymentPostprocessing = 0;
		};
		8A0F97BD28BBBB1300F57201 /* Resources */ = {
			isa = PBXResourcesBuildPhase;
			buildActionMask = 2147483647;
			files = (
			);
			runOnlyForDeploymentPostprocessing = 0;
		};
		8A0F97C728BBBB1300F57201 /* Resources */ = {
			isa = PBXResourcesBuildPhase;
			buildActionMask = 2147483647;
			files = (
			);
			runOnlyForDeploymentPostprocessing = 0;
		};
/* End PBXResourcesBuildPhase section */

/* Begin PBXShellScriptBuildPhase section */
		12025DBCBFA0A40DF2785198 /* [CP] Check Pods Manifest.lock */ = {
			isa = PBXShellScriptBuildPhase;
			buildActionMask = 2147483647;
			files = (
			);
			inputFileListPaths = (
			);
			inputPaths = (
				"${PODS_PODFILE_DIR_PATH}/Podfile.lock",
				"${PODS_ROOT}/Manifest.lock",
			);
			name = "[CP] Check Pods Manifest.lock";
			outputFileListPaths = (
			);
			outputPaths = (
				"$(DERIVED_FILE_DIR)/Pods-Messenger-checkManifestLockResult.txt",
			);
			runOnlyForDeploymentPostprocessing = 0;
			shellPath = /bin/sh;
			shellScript = "diff \"${PODS_PODFILE_DIR_PATH}/Podfile.lock\" \"${PODS_ROOT}/Manifest.lock\" > /dev/null\nif [ $? != 0 ] ; then\n    # print error to STDERR\n    echo \"error: The sandbox is not in sync with the Podfile.lock. Run 'pod install' or update your CocoaPods installation.\" >&2\n    exit 1\nfi\n# This output is used by Xcode 'outputs' to avoid re-running this script phase.\necho \"SUCCESS\" > \"${SCRIPT_OUTPUT_FILE_0}\"\n";
			showEnvVarsInLog = 0;
		};
		1A87DB078059538B1BF164BE /* [CP] Check Pods Manifest.lock */ = {
			isa = PBXShellScriptBuildPhase;
			buildActionMask = 2147483647;
			files = (
			);
			inputFileListPaths = (
			);
			inputPaths = (
				"${PODS_PODFILE_DIR_PATH}/Podfile.lock",
				"${PODS_ROOT}/Manifest.lock",
			);
			name = "[CP] Check Pods Manifest.lock";
			outputFileListPaths = (
			);
			outputPaths = (
				"$(DERIVED_FILE_DIR)/Pods-MessengerTests-checkManifestLockResult.txt",
			);
			runOnlyForDeploymentPostprocessing = 0;
			shellPath = /bin/sh;
			shellScript = "diff \"${PODS_PODFILE_DIR_PATH}/Podfile.lock\" \"${PODS_ROOT}/Manifest.lock\" > /dev/null\nif [ $? != 0 ] ; then\n    # print error to STDERR\n    echo \"error: The sandbox is not in sync with the Podfile.lock. Run 'pod install' or update your CocoaPods installation.\" >&2\n    exit 1\nfi\n# This output is used by Xcode 'outputs' to avoid re-running this script phase.\necho \"SUCCESS\" > \"${SCRIPT_OUTPUT_FILE_0}\"\n";
			showEnvVarsInLog = 0;
		};
		283792DDBE4C9F1E8DEB4702 /* [CP] Embed Pods Frameworks */ = {
			isa = PBXShellScriptBuildPhase;
			buildActionMask = 2147483647;
			files = (
			);
			inputFileListPaths = (
				"${PODS_ROOT}/Target Support Files/Pods-Messenger-MessengerUITests/Pods-Messenger-MessengerUITests-frameworks-${CONFIGURATION}-input-files.xcfilelist",
			);
			name = "[CP] Embed Pods Frameworks";
			outputFileListPaths = (
				"${PODS_ROOT}/Target Support Files/Pods-Messenger-MessengerUITests/Pods-Messenger-MessengerUITests-frameworks-${CONFIGURATION}-output-files.xcfilelist",
			);
			runOnlyForDeploymentPostprocessing = 0;
			shellPath = /bin/sh;
			shellScript = "\"${PODS_ROOT}/Target Support Files/Pods-Messenger-MessengerUITests/Pods-Messenger-MessengerUITests-frameworks.sh\"\n";
			showEnvVarsInLog = 0;
		};
		654958DD610E04A380ABE08D /* [CP] Embed Pods Frameworks */ = {
			isa = PBXShellScriptBuildPhase;
			buildActionMask = 2147483647;
			files = (
			);
			inputFileListPaths = (
				"${PODS_ROOT}/Target Support Files/Pods-Messenger/Pods-Messenger-frameworks-${CONFIGURATION}-input-files.xcfilelist",
			);
			name = "[CP] Embed Pods Frameworks";
			outputFileListPaths = (
				"${PODS_ROOT}/Target Support Files/Pods-Messenger/Pods-Messenger-frameworks-${CONFIGURATION}-output-files.xcfilelist",
			);
			runOnlyForDeploymentPostprocessing = 0;
			shellPath = /bin/sh;
			shellScript = "\"${PODS_ROOT}/Target Support Files/Pods-Messenger/Pods-Messenger-frameworks.sh\"\n";
			showEnvVarsInLog = 0;
		};
		C54CDE887C2542C5AB0EE629 /* [CP] Check Pods Manifest.lock */ = {
			isa = PBXShellScriptBuildPhase;
			buildActionMask = 2147483647;
			files = (
			);
			inputFileListPaths = (
			);
			inputPaths = (
				"${PODS_PODFILE_DIR_PATH}/Podfile.lock",
				"${PODS_ROOT}/Manifest.lock",
			);
			name = "[CP] Check Pods Manifest.lock";
			outputFileListPaths = (
			);
			outputPaths = (
				"$(DERIVED_FILE_DIR)/Pods-Messenger-MessengerUITests-checkManifestLockResult.txt",
			);
			runOnlyForDeploymentPostprocessing = 0;
			shellPath = /bin/sh;
			shellScript = "diff \"${PODS_PODFILE_DIR_PATH}/Podfile.lock\" \"${PODS_ROOT}/Manifest.lock\" > /dev/null\nif [ $? != 0 ] ; then\n    # print error to STDERR\n    echo \"error: The sandbox is not in sync with the Podfile.lock. Run 'pod install' or update your CocoaPods installation.\" >&2\n    exit 1\nfi\n# This output is used by Xcode 'outputs' to avoid re-running this script phase.\necho \"SUCCESS\" > \"${SCRIPT_OUTPUT_FILE_0}\"\n";
			showEnvVarsInLog = 0;
		};
/* End PBXShellScriptBuildPhase section */

/* Begin PBXSourcesBuildPhase section */
		8A0F97A228BBBB1100F57201 /* Sources */ = {
			isa = PBXSourcesBuildPhase;
			buildActionMask = 2147483647;
			files = (
				8A0F97EB28BBC3C200F57201 /* NewConversationsViewController.swift in Sources */,
				8A0F97AE28BBBB1100F57201 /* ConversationsViewController.swift in Sources */,
				8A0F97ED28BBC3D400F57201 /* ProfileViewController.swift in Sources */,
				8A6E083928C3A77300A0BB31 /* Extension.swift in Sources */,
				8A0F97AA28BBBB1100F57201 /* AppDelegate.swift in Sources */,
				8A6E083728C37B7700A0BB31 /* Keys.swift in Sources */,
				8A0F97AC28BBBB1100F57201 /* SceneDelegate.swift in Sources */,
				8A0F97E728BBC12800F57201 /* PhotoViewerViewController.swift in Sources */,
				8A0F97E528BBBF8800F57201 /* RegisterViewController.swift in Sources */,
				8A0F97E928BBC15600F57201 /* VideoPlayerViewController.swift in Sources */,
				8A0F97E328BBBF2000F57201 /* LoginViewController.swift in Sources */,
				8A0F97B428BBBB1100F57201 /* Messenger.xcdatamodeld in Sources */,
				8AA97B55296627B8000D13F4 /* DataBaseManager.swift in Sources */,
			);
			runOnlyForDeploymentPostprocessing = 0;
		};
		8A0F97BB28BBBB1300F57201 /* Sources */ = {
			isa = PBXSourcesBuildPhase;
			buildActionMask = 2147483647;
			files = (
				8A0F97C428BBBB1300F57201 /* MessengerTests.swift in Sources */,
			);
			runOnlyForDeploymentPostprocessing = 0;
		};
		8A0F97C528BBBB1300F57201 /* Sources */ = {
			isa = PBXSourcesBuildPhase;
			buildActionMask = 2147483647;
			files = (
				8A0F97D028BBBB1300F57201 /* MessengerUITestsLaunchTests.swift in Sources */,
				8A0F97CE28BBBB1300F57201 /* MessengerUITests.swift in Sources */,
			);
			runOnlyForDeploymentPostprocessing = 0;
		};
/* End PBXSourcesBuildPhase section */

/* Begin PBXTargetDependency section */
		8A0F97C128BBBB1300F57201 /* PBXTargetDependency */ = {
			isa = PBXTargetDependency;
			target = 8A0F97A528BBBB1100F57201 /* Messenger */;
			targetProxy = 8A0F97C028BBBB1300F57201 /* PBXContainerItemProxy */;
		};
		8A0F97CB28BBBB1300F57201 /* PBXTargetDependency */ = {
			isa = PBXTargetDependency;
			target = 8A0F97A528BBBB1100F57201 /* Messenger */;
			targetProxy = 8A0F97CA28BBBB1300F57201 /* PBXContainerItemProxy */;
		};
/* End PBXTargetDependency section */

/* Begin PBXVariantGroup section */
		8A0F97AF28BBBB1100F57201 /* Main.storyboard */ = {
			isa = PBXVariantGroup;
			children = (
				8A0F97B028BBBB1100F57201 /* Base */,
			);
			name = Main.storyboard;
			sourceTree = "<group>";
		};
		8A0F97B728BBBB1300F57201 /* LaunchScreen.storyboard */ = {
			isa = PBXVariantGroup;
			children = (
				8A0F97B828BBBB1300F57201 /* Base */,
			);
			name = LaunchScreen.storyboard;
			sourceTree = "<group>";
		};
/* End PBXVariantGroup section */

/* Begin XCBuildConfiguration section */
		8A0F97D128BBBB1300F57201 /* Debug */ = {
			isa = XCBuildConfiguration;
			buildSettings = {
				ALWAYS_SEARCH_USER_PATHS = NO;
				CLANG_ANALYZER_NONNULL = YES;
				CLANG_ANALYZER_NUMBER_OBJECT_CONVERSION = YES_AGGRESSIVE;
				CLANG_CXX_LANGUAGE_STANDARD = "gnu++17";
				CLANG_ENABLE_MODULES = YES;
				CLANG_ENABLE_OBJC_ARC = YES;
				CLANG_ENABLE_OBJC_WEAK = YES;
				CLANG_WARN_BLOCK_CAPTURE_AUTORELEASING = YES;
				CLANG_WARN_BOOL_CONVERSION = YES;
				CLANG_WARN_COMMA = YES;
				CLANG_WARN_CONSTANT_CONVERSION = YES;
				CLANG_WARN_DEPRECATED_OBJC_IMPLEMENTATIONS = YES;
				CLANG_WARN_DIRECT_OBJC_ISA_USAGE = YES_ERROR;
				CLANG_WARN_DOCUMENTATION_COMMENTS = YES;
				CLANG_WARN_EMPTY_BODY = YES;
				CLANG_WARN_ENUM_CONVERSION = YES;
				CLANG_WARN_INFINITE_RECURSION = YES;
				CLANG_WARN_INT_CONVERSION = YES;
				CLANG_WARN_NON_LITERAL_NULL_CONVERSION = YES;
				CLANG_WARN_OBJC_IMPLICIT_RETAIN_SELF = YES;
				CLANG_WARN_OBJC_LITERAL_CONVERSION = YES;
				CLANG_WARN_OBJC_ROOT_CLASS = YES_ERROR;
				CLANG_WARN_QUOTED_INCLUDE_IN_FRAMEWORK_HEADER = YES;
				CLANG_WARN_RANGE_LOOP_ANALYSIS = YES;
				CLANG_WARN_STRICT_PROTOTYPES = YES;
				CLANG_WARN_SUSPICIOUS_MOVE = YES;
				CLANG_WARN_UNGUARDED_AVAILABILITY = YES_AGGRESSIVE;
				CLANG_WARN_UNREACHABLE_CODE = YES;
				CLANG_WARN__DUPLICATE_METHOD_MATCH = YES;
				COPY_PHASE_STRIP = NO;
				DEBUG_INFORMATION_FORMAT = dwarf;
				ENABLE_STRICT_OBJC_MSGSEND = YES;
				ENABLE_TESTABILITY = YES;
				GCC_C_LANGUAGE_STANDARD = gnu11;
				GCC_DYNAMIC_NO_PIC = NO;
				GCC_NO_COMMON_BLOCKS = YES;
				GCC_OPTIMIZATION_LEVEL = 0;
				GCC_PREPROCESSOR_DEFINITIONS = (
					"DEBUG=1",
					"$(inherited)",
				);
				GCC_WARN_64_TO_32_BIT_CONVERSION = YES;
				GCC_WARN_ABOUT_RETURN_TYPE = YES_ERROR;
				GCC_WARN_UNDECLARED_SELECTOR = YES;
				GCC_WARN_UNINITIALIZED_AUTOS = YES_AGGRESSIVE;
				GCC_WARN_UNUSED_FUNCTION = YES;
				GCC_WARN_UNUSED_VARIABLE = YES;
				IPHONEOS_DEPLOYMENT_TARGET = 15.5;
				MTL_ENABLE_DEBUG_INFO = INCLUDE_SOURCE;
				MTL_FAST_MATH = YES;
				ONLY_ACTIVE_ARCH = YES;
				SDKROOT = iphoneos;
				SWIFT_ACTIVE_COMPILATION_CONDITIONS = DEBUG;
				SWIFT_OPTIMIZATION_LEVEL = "-Onone";
			};
			name = Debug;
		};
		8A0F97D228BBBB1300F57201 /* Release */ = {
			isa = XCBuildConfiguration;
			buildSettings = {
				ALWAYS_SEARCH_USER_PATHS = NO;
				CLANG_ANALYZER_NONNULL = YES;
				CLANG_ANALYZER_NUMBER_OBJECT_CONVERSION = YES_AGGRESSIVE;
				CLANG_CXX_LANGUAGE_STANDARD = "gnu++17";
				CLANG_ENABLE_MODULES = YES;
				CLANG_ENABLE_OBJC_ARC = YES;
				CLANG_ENABLE_OBJC_WEAK = YES;
				CLANG_WARN_BLOCK_CAPTURE_AUTORELEASING = YES;
				CLANG_WARN_BOOL_CONVERSION = YES;
				CLANG_WARN_COMMA = YES;
				CLANG_WARN_CONSTANT_CONVERSION = YES;
				CLANG_WARN_DEPRECATED_OBJC_IMPLEMENTATIONS = YES;
				CLANG_WARN_DIRECT_OBJC_ISA_USAGE = YES_ERROR;
				CLANG_WARN_DOCUMENTATION_COMMENTS = YES;
				CLANG_WARN_EMPTY_BODY = YES;
				CLANG_WARN_ENUM_CONVERSION = YES;
				CLANG_WARN_INFINITE_RECURSION = YES;
				CLANG_WARN_INT_CONVERSION = YES;
				CLANG_WARN_NON_LITERAL_NULL_CONVERSION = YES;
				CLANG_WARN_OBJC_IMPLICIT_RETAIN_SELF = YES;
				CLANG_WARN_OBJC_LITERAL_CONVERSION = YES;
				CLANG_WARN_OBJC_ROOT_CLASS = YES_ERROR;
				CLANG_WARN_QUOTED_INCLUDE_IN_FRAMEWORK_HEADER = YES;
				CLANG_WARN_RANGE_LOOP_ANALYSIS = YES;
				CLANG_WARN_STRICT_PROTOTYPES = YES;
				CLANG_WARN_SUSPICIOUS_MOVE = YES;
				CLANG_WARN_UNGUARDED_AVAILABILITY = YES_AGGRESSIVE;
				CLANG_WARN_UNREACHABLE_CODE = YES;
				CLANG_WARN__DUPLICATE_METHOD_MATCH = YES;
				COPY_PHASE_STRIP = NO;
				DEBUG_INFORMATION_FORMAT = "dwarf-with-dsym";
				ENABLE_NS_ASSERTIONS = NO;
				ENABLE_STRICT_OBJC_MSGSEND = YES;
				GCC_C_LANGUAGE_STANDARD = gnu11;
				GCC_NO_COMMON_BLOCKS = YES;
				GCC_WARN_64_TO_32_BIT_CONVERSION = YES;
				GCC_WARN_ABOUT_RETURN_TYPE = YES_ERROR;
				GCC_WARN_UNDECLARED_SELECTOR = YES;
				GCC_WARN_UNINITIALIZED_AUTOS = YES_AGGRESSIVE;
				GCC_WARN_UNUSED_FUNCTION = YES;
				GCC_WARN_UNUSED_VARIABLE = YES;
				IPHONEOS_DEPLOYMENT_TARGET = 15.5;
				MTL_ENABLE_DEBUG_INFO = NO;
				MTL_FAST_MATH = YES;
				SDKROOT = iphoneos;
				SWIFT_COMPILATION_MODE = wholemodule;
				SWIFT_OPTIMIZATION_LEVEL = "-O";
				VALIDATE_PRODUCT = YES;
			};
			name = Release;
		};
		8A0F97D428BBBB1300F57201 /* Debug */ = {
			isa = XCBuildConfiguration;
			baseConfigurationReference = 37E51D6B6447C9345A758207 /* Pods-Messenger.debug.xcconfig */;
			buildSettings = {
				ASSETCATALOG_COMPILER_APPICON_NAME = AppIcon;
				ASSETCATALOG_COMPILER_GLOBAL_ACCENT_COLOR_NAME = AccentColor;
				CODE_SIGN_STYLE = Automatic;
				CURRENT_PROJECT_VERSION = 1;
				GENERATE_INFOPLIST_FILE = YES;
				INFOPLIST_FILE = Messenger/Info.plist;
				INFOPLIST_KEY_UIApplicationSupportsIndirectInputEvents = YES;
				INFOPLIST_KEY_UILaunchStoryboardName = LaunchScreen;
				INFOPLIST_KEY_UIMainStoryboardFile = Main;
				INFOPLIST_KEY_UISupportedInterfaceOrientations_iPad = "UIInterfaceOrientationPortrait UIInterfaceOrientationPortraitUpsideDown UIInterfaceOrientationLandscapeLeft UIInterfaceOrientationLandscapeRight";
				INFOPLIST_KEY_UISupportedInterfaceOrientations_iPhone = "UIInterfaceOrientationPortrait UIInterfaceOrientationLandscapeLeft UIInterfaceOrientationLandscapeRight";
				IPHONEOS_DEPLOYMENT_TARGET = 13.5;
				LD_RUNPATH_SEARCH_PATHS = (
					"$(inherited)",
					"@executable_path/Frameworks",
				);
				MARKETING_VERSION = 1.0;
				PRODUCT_BUNDLE_IDENTIFIER = amr.Messenger;
				PRODUCT_NAME = "$(TARGET_NAME)";
				SWIFT_EMIT_LOC_STRINGS = YES;
				SWIFT_VERSION = 5.0;
				TARGETED_DEVICE_FAMILY = "1,2";
			};
			name = Debug;
		};
		8A0F97D528BBBB1300F57201 /* Release */ = {
			isa = XCBuildConfiguration;
			baseConfigurationReference = 421B071965CB8AC2F8D0EB5A /* Pods-Messenger.release.xcconfig */;
			buildSettings = {
				ASSETCATALOG_COMPILER_APPICON_NAME = AppIcon;
				ASSETCATALOG_COMPILER_GLOBAL_ACCENT_COLOR_NAME = AccentColor;
				CODE_SIGN_STYLE = Automatic;
				CURRENT_PROJECT_VERSION = 1;
				GENERATE_INFOPLIST_FILE = YES;
				INFOPLIST_FILE = Messenger/Info.plist;
				INFOPLIST_KEY_UIApplicationSupportsIndirectInputEvents = YES;
				INFOPLIST_KEY_UILaunchStoryboardName = LaunchScreen;
				INFOPLIST_KEY_UIMainStoryboardFile = Main;
				INFOPLIST_KEY_UISupportedInterfaceOrientations_iPad = "UIInterfaceOrientationPortrait UIInterfaceOrientationPortraitUpsideDown UIInterfaceOrientationLandscapeLeft UIInterfaceOrientationLandscapeRight";
				INFOPLIST_KEY_UISupportedInterfaceOrientations_iPhone = "UIInterfaceOrientationPortrait UIInterfaceOrientationLandscapeLeft UIInterfaceOrientationLandscapeRight";
				IPHONEOS_DEPLOYMENT_TARGET = 13.5;
				LD_RUNPATH_SEARCH_PATHS = (
					"$(inherited)",
					"@executable_path/Frameworks",
				);
				MARKETING_VERSION = 1.0;
				PRODUCT_BUNDLE_IDENTIFIER = amr.Messenger;
				PRODUCT_NAME = "$(TARGET_NAME)";
				SWIFT_EMIT_LOC_STRINGS = YES;
				SWIFT_VERSION = 5.0;
				TARGETED_DEVICE_FAMILY = "1,2";
			};
			name = Release;
		};
		8A0F97D728BBBB1300F57201 /* Debug */ = {
			isa = XCBuildConfiguration;
			baseConfigurationReference = F9C269368CD70F3AC0DF11C0 /* Pods-MessengerTests.debug.xcconfig */;
			buildSettings = {
				ALWAYS_EMBED_SWIFT_STANDARD_LIBRARIES = YES;
				BUNDLE_LOADER = "$(TEST_HOST)";
				CODE_SIGN_STYLE = Automatic;
				CURRENT_PROJECT_VERSION = 1;
				GENERATE_INFOPLIST_FILE = YES;
				IPHONEOS_DEPLOYMENT_TARGET = 15.5;
				MARKETING_VERSION = 1.0;
				PRODUCT_BUNDLE_IDENTIFIER = amr.MessengerTests;
				PRODUCT_NAME = "$(TARGET_NAME)";
				SWIFT_EMIT_LOC_STRINGS = NO;
				SWIFT_VERSION = 5.0;
				TARGETED_DEVICE_FAMILY = "1,2";
				TEST_HOST = "$(BUILT_PRODUCTS_DIR)/Messenger.app/Messenger";
			};
			name = Debug;
		};
		8A0F97D828BBBB1300F57201 /* Release */ = {
			isa = XCBuildConfiguration;
			baseConfigurationReference = 79A1143B9B3E3DA8AE740709 /* Pods-MessengerTests.release.xcconfig */;
			buildSettings = {
				ALWAYS_EMBED_SWIFT_STANDARD_LIBRARIES = YES;
				BUNDLE_LOADER = "$(TEST_HOST)";
				CODE_SIGN_STYLE = Automatic;
				CURRENT_PROJECT_VERSION = 1;
				GENERATE_INFOPLIST_FILE = YES;
				IPHONEOS_DEPLOYMENT_TARGET = 15.5;
				MARKETING_VERSION = 1.0;
				PRODUCT_BUNDLE_IDENTIFIER = amr.MessengerTests;
				PRODUCT_NAME = "$(TARGET_NAME)";
				SWIFT_EMIT_LOC_STRINGS = NO;
				SWIFT_VERSION = 5.0;
				TARGETED_DEVICE_FAMILY = "1,2";
				TEST_HOST = "$(BUILT_PRODUCTS_DIR)/Messenger.app/Messenger";
			};
			name = Release;
		};
		8A0F97DA28BBBB1300F57201 /* Debug */ = {
			isa = XCBuildConfiguration;
			baseConfigurationReference = 8891D9FB243D784832D7D2B3 /* Pods-Messenger-MessengerUITests.debug.xcconfig */;
			buildSettings = {
				ALWAYS_EMBED_SWIFT_STANDARD_LIBRARIES = YES;
				CODE_SIGN_STYLE = Automatic;
				CURRENT_PROJECT_VERSION = 1;
				GENERATE_INFOPLIST_FILE = YES;
				MARKETING_VERSION = 1.0;
				PRODUCT_BUNDLE_IDENTIFIER = amr.MessengerUITests;
				PRODUCT_NAME = "$(TARGET_NAME)";
				SWIFT_EMIT_LOC_STRINGS = NO;
				SWIFT_VERSION = 5.0;
				TARGETED_DEVICE_FAMILY = "1,2";
				TEST_TARGET_NAME = Messenger;
			};
			name = Debug;
		};
		8A0F97DB28BBBB1300F57201 /* Release */ = {
			isa = XCBuildConfiguration;
			baseConfigurationReference = FFFF7D6C56A411310FD2E900 /* Pods-Messenger-MessengerUITests.release.xcconfig */;
			buildSettings = {
				ALWAYS_EMBED_SWIFT_STANDARD_LIBRARIES = YES;
				CODE_SIGN_STYLE = Automatic;
				CURRENT_PROJECT_VERSION = 1;
				GENERATE_INFOPLIST_FILE = YES;
				MARKETING_VERSION = 1.0;
				PRODUCT_BUNDLE_IDENTIFIER = amr.MessengerUITests;
				PRODUCT_NAME = "$(TARGET_NAME)";
				SWIFT_EMIT_LOC_STRINGS = NO;
				SWIFT_VERSION = 5.0;
				TARGETED_DEVICE_FAMILY = "1,2";
				TEST_TARGET_NAME = Messenger;
			};
			name = Release;
		};
/* End XCBuildConfiguration section */

/* Begin XCConfigurationList section */
		8A0F97A128BBBB1100F57201 /* Build configuration list for PBXProject "Messenger" */ = {
			isa = XCConfigurationList;
			buildConfigurations = (
				8A0F97D128BBBB1300F57201 /* Debug */,
				8A0F97D228BBBB1300F57201 /* Release */,
			);
			defaultConfigurationIsVisible = 0;
			defaultConfigurationName = Release;
		};
		8A0F97D328BBBB1300F57201 /* Build configuration list for PBXNativeTarget "Messenger" */ = {
			isa = XCConfigurationList;
			buildConfigurations = (
				8A0F97D428BBBB1300F57201 /* Debug */,
				8A0F97D528BBBB1300F57201 /* Release */,
			);
			defaultConfigurationIsVisible = 0;
			defaultConfigurationName = Release;
		};
		8A0F97D628BBBB1300F57201 /* Build configuration list for PBXNativeTarget "MessengerTests" */ = {
			isa = XCConfigurationList;
			buildConfigurations = (
				8A0F97D728BBBB1300F57201 /* Debug */,
				8A0F97D828BBBB1300F57201 /* Release */,
			);
			defaultConfigurationIsVisible = 0;
			defaultConfigurationName = Release;
		};
		8A0F97D928BBBB1300F57201 /* Build configuration list for PBXNativeTarget "MessengerUITests" */ = {
			isa = XCConfigurationList;
			buildConfigurations = (
				8A0F97DA28BBBB1300F57201 /* Debug */,
				8A0F97DB28BBBB1300F57201 /* Release */,
			);
			defaultConfigurationIsVisible = 0;
			defaultConfigurationName = Release;
		};
/* End XCConfigurationList section */

/* Begin XCVersionGroup section */
		8A0F97B228BBBB1100F57201 /* Messenger.xcdatamodeld */ = {
			isa = XCVersionGroup;
			children = (
				8A0F97B328BBBB1100F57201 /* Messenger.xcdatamodel */,
			);
			currentVersion = 8A0F97B328BBBB1100F57201 /* Messenger.xcdatamodel */;
			path = Messenger.xcdatamodeld;
			sourceTree = "<group>";
			versionGroupType = wrapper.xcdatamodel;
		};
/* End XCVersionGroup section */
	};
	rootObject = 8A0F979E28BBBB1100F57201 /* Project object */;
}
